{
  "name": "throupletea-app",
  "version": "2.7.0",
  "lockfileVersion": 3,
  "requires": true,
  "packages": {
    "": {
      "name": "throupletea-app",
      "version": "2.7.0",
      "dependencies": {
        "@capacitor/app": "8.0.0",
        "@capacitor/browser": "8.0.0",
        "@capacitor/core": "8.4.2",
        "@capacitor/device": "8.0.0",
        "@capacitor/haptics": "8.0.0",
        "@capacitor/ios": "8.4.2",
        "@capacitor/network": "8.0.0",
        "@capacitor/share": "8.0.0",
        "@capacitor/splash-screen": "8.0.0",
        "@capacitor/status-bar": "8.0.0",
        "throuple-watch-party": "file:plugins/throuple-watch-party"
      },
      "devDependencies": {
        "@capacitor/cli": "8.4.2"
      }
    },
    "node_modules/throuple-watch-party": {
      "resolved": "plugins/throuple-watch-party",
      "link": true
    },
    "plugins/throuple-watch-party": {
      "name": "throuple-watch-party",
      "version": "1.0.0",
      "license": "UNLICENSED",
      "peerDependencies": {
        "@capacitor/core": ">=8.0.0"
      }
    }
  }
}
